
Microsoft Visual Studio Solution File, Format Version 12.00
# Visual Studio 15
VisualStudioVersion = 15.0.26730.12
MinimumVisualStudioVersion = 10.0.40219.1
Project("{FAE04EC0-301F-11D3-BF4B-00C04F79EFBC}") = "InvMe_.Android", "InvMe!\InvMe_.Android\InvMe_.Android.csproj", "{8170393B-494A-4916-AA09-7CC017A38CAC}"
EndProject
Project("{FAE04EC0-301F-11D3-BF4B-00C04F79EFBC}") = "InvMe_", "InvMe!\InvMe_\InvMe_.csproj", "{1449628C-935C-4057-8A4C-5DF8A2C8046B}"
EndProject
Project("{FAE04EC0-301F-11D3-BF4B-00C04F79EFBC}") = "InvMe_.UWP", "InvMe!\InvMe_.UWP\InvMe_.UWP.csproj", "{F32365A2-1F28-4FE8-98D0-491E8C155B2A}"
	ProjectSection(ProjectDependencies) = postProject
		{323561CC-EDD6-4C3A-BA6F-CA5F47CC269F} = {323561CC-EDD6-4C3A-BA6F-CA5F47CC269F}
	EndProjectSection
EndProject
Project("{FAE04EC0-301F-11D3-BF4B-00C04F79EFBC}") = "InvMe_.iOS", "InvMe!\InvMe_.iOS\InvMe_.iOS.csproj", "{26F82077-FDD8-43AD-AEB2-ADD5AA1A6DD5}"
EndProject
Project("{00D1A9C2-B5F0-4AF3-8072-F6C62B433612}") = "DB", "DB\DB.sqlproj", "{1A6B7DE0-F633-4EE4-A454-70FA494591AF}"
EndProject
Project("{FAE04EC0-301F-11D3-BF4B-00C04F79EFBC}") = "InvMe.BLL", "InvMe.BLL\InvMe.BLL.csproj", "{67F9D3A8-F71E-4428-913F-C37AE82CDB24}"
EndProject
Project("{FAE04EC0-301F-11D3-BF4B-00C04F79EFBC}") = "InvMe.DAL", "InvMe.DAL\InvMe.DAL.csproj", "{63970B37-2478-4FEF-A178-0F5C90B69ECF}"
EndProject
Project("{FAE04EC0-301F-11D3-BF4B-00C04F79EFBC}") = "InvMe.WCF", "InvMe.WCF\InvMe.WCF.csproj", "{323561CC-EDD6-4C3A-BA6F-CA5F47CC269F}"
EndProject
Global
	GlobalSection(SolutionConfigurationPlatforms) = preSolution
		Ad-Hoc|Any CPU = Ad-Hoc|Any CPU
		Ad-Hoc|ARM = Ad-Hoc|ARM
		Ad-Hoc|iPhone = Ad-Hoc|iPhone
		Ad-Hoc|iPhoneSimulator = Ad-Hoc|iPhoneSimulator
		Ad-Hoc|x64 = Ad-Hoc|x64
		Ad-Hoc|x86 = Ad-Hoc|x86
		AppStore|Any CPU = AppStore|Any CPU
		AppStore|ARM = AppStore|ARM
		AppStore|iPhone = AppStore|iPhone
		AppStore|iPhoneSimulator = AppStore|iPhoneSimulator
		AppStore|x64 = AppStore|x64
		AppStore|x86 = AppStore|x86
		Debug|Any CPU = Debug|Any CPU
		Debug|ARM = Debug|ARM
		Debug|iPhone = Debug|iPhone
		Debug|iPhoneSimulator = Debug|iPhoneSimulator
		Debug|x64 = Debug|x64
		Debug|x86 = Debug|x86
		Release|Any CPU = Release|Any CPU
		Release|ARM = Release|ARM
		Release|iPhone = Release|iPhone
		Release|iPhoneSimulator = Release|iPhoneSimulator
		Release|x64 = Release|x64
		Release|x86 = Release|x86
	EndGlobalSection
	GlobalSection(ProjectConfigurationPlatforms) = postSolution
		{8170393B-494A-4916-AA09-7CC017A38CAC}.Ad-Hoc|Any CPU.ActiveCfg = Release|Any CPU
		{8170393B-494A-4916-AA09-7CC017A38CAC}.Ad-Hoc|Any CPU.Build.0 = Release|Any CPU
		{8170393B-494A-4916-AA09-7CC017A38CAC}.Ad-Hoc|Any CPU.Deploy.0 = Release|Any CPU
		{8170393B-494A-4916-AA09-7CC017A38CAC}.Ad-Hoc|ARM.ActiveCfg = Release|Any CPU
		{8170393B-494A-4916-AA09-7CC017A38CAC}.Ad-Hoc|ARM.Build.0 = Release|Any CPU
		{8170393B-494A-4916-AA09-7CC017A38CAC}.Ad-Hoc|ARM.Deploy.0 = Release|Any CPU
		{8170393B-494A-4916-AA09-7CC017A38CAC}.Ad-Hoc|iPhone.ActiveCfg = Release|Any CPU
		{8170393B-494A-4916-AA09-7CC017A38CAC}.Ad-Hoc|iPhone.Build.0 = Release|Any CPU
		{8170393B-494A-4916-AA09-7CC017A38CAC}.Ad-Hoc|iPhone.Deploy.0 = Release|Any CPU
		{8170393B-494A-4916-AA09-7CC017A38CAC}.Ad-Hoc|iPhoneSimulator.ActiveCfg = Release|Any CPU
		{8170393B-494A-4916-AA09-7CC017A38CAC}.Ad-Hoc|iPhoneSimulator.Build.0 = Release|Any CPU
		{8170393B-494A-4916-AA09-7CC017A38CAC}.Ad-Hoc|iPhoneSimulator.Deploy.0 = Release|Any CPU
		{8170393B-494A-4916-AA09-7CC017A38CAC}.Ad-Hoc|x64.ActiveCfg = Release|Any CPU
		{8170393B-494A-4916-AA09-7CC017A38CAC}.Ad-Hoc|x64.Build.0 = Release|Any CPU
		{8170393B-494A-4916-AA09-7CC017A38CAC}.Ad-Hoc|x64.Deploy.0 = Release|Any CPU
		{8170393B-494A-4916-AA09-7CC017A38CAC}.Ad-Hoc|x86.ActiveCfg = Release|Any CPU
		{8170393B-494A-4916-AA09-7CC017A38CAC}.Ad-Hoc|x86.Build.0 = Release|Any CPU
		{8170393B-494A-4916-AA09-7CC017A38CAC}.Ad-Hoc|x86.Deploy.0 = Release|Any CPU
		{8170393B-494A-4916-AA09-7CC017A38CAC}.AppStore|Any CPU.ActiveCfg = Release|Any CPU
		{8170393B-494A-4916-AA09-7CC017A38CAC}.AppStore|Any CPU.Build.0 = Release|Any CPU
		{8170393B-494A-4916-AA09-7CC017A38CAC}.AppStore|Any CPU.Deploy.0 = Release|Any CPU
		{8170393B-494A-4916-AA09-7CC017A38CAC}.AppStore|ARM.ActiveCfg = Release|Any CPU
		{8170393B-494A-4916-AA09-7CC017A38CAC}.AppStore|ARM.Build.0 = Release|Any CPU
		{8170393B-494A-4916-AA09-7CC017A38CAC}.AppStore|ARM.Deploy.0 = Release|Any CPU
		{8170393B-494A-4916-AA09-7CC017A38CAC}.AppStore|iPhone.ActiveCfg = Release|Any CPU
		{8170393B-494A-4916-AA09-7CC017A38CAC}.AppStore|iPhone.Build.0 = Release|Any CPU
		{8170393B-494A-4916-AA09-7CC017A38CAC}.AppStore|iPhone.Deploy.0 = Release|Any CPU
		{8170393B-494A-4916-AA09-7CC017A38CAC}.AppStore|iPhoneSimulator.ActiveCfg = Release|Any CPU
		{8170393B-494A-4916-AA09-7CC017A38CAC}.AppStore|iPhoneSimulator.Build.0 = Release|Any CPU
		{8170393B-494A-4916-AA09-7CC017A38CAC}.AppStore|iPhoneSimulator.Deploy.0 = Release|Any CPU
		{8170393B-494A-4916-AA09-7CC017A38CAC}.AppStore|x64.ActiveCfg = Release|Any CPU
		{8170393B-494A-4916-AA09-7CC017A38CAC}.AppStore|x64.Build.0 = Release|Any CPU
		{8170393B-494A-4916-AA09-7CC017A38CAC}.AppStore|x64.Deploy.0 = Release|Any CPU
		{8170393B-494A-4916-AA09-7CC017A38CAC}.AppStore|x86.ActiveCfg = Release|Any CPU
		{8170393B-494A-4916-AA09-7CC017A38CAC}.AppStore|x86.Build.0 = Release|Any CPU
		{8170393B-494A-4916-AA09-7CC017A38CAC}.AppStore|x86.Deploy.0 = Release|Any CPU
		{8170393B-494A-4916-AA09-7CC017A38CAC}.Debug|Any CPU.ActiveCfg = Debug|Any CPU
		{8170393B-494A-4916-AA09-7CC017A38CAC}.Debug|Any CPU.Build.0 = Debug|Any CPU
		{8170393B-494A-4916-AA09-7CC017A38CAC}.Debug|Any CPU.Deploy.0 = Debug|Any CPU
		{8170393B-494A-4916-AA09-7CC017A38CAC}.Debug|ARM.ActiveCfg = Debug|Any CPU
		{8170393B-494A-4916-AA09-7CC017A38CAC}.Debug|ARM.Build.0 = Debug|Any CPU
		{8170393B-494A-4916-AA09-7CC017A38CAC}.Debug|ARM.Deploy.0 = Debug|Any CPU
		{8170393B-494A-4916-AA09-7CC017A38CAC}.Debug|iPhone.ActiveCfg = Debug|Any CPU
		{8170393B-494A-4916-AA09-7CC017A38CAC}.Debug|iPhone.Build.0 = Debug|Any CPU
		{8170393B-494A-4916-AA09-7CC017A38CAC}.Debug|iPhone.Deploy.0 = Debug|Any CPU
		{8170393B-494A-4916-AA09-7CC017A38CAC}.Debug|iPhoneSimulator.ActiveCfg = Debug|Any CPU
		{8170393B-494A-4916-AA09-7CC017A38CAC}.Debug|iPhoneSimulator.Build.0 = Debug|Any CPU
		{8170393B-494A-4916-AA09-7CC017A38CAC}.Debug|iPhoneSimulator.Deploy.0 = Debug|Any CPU
		{8170393B-494A-4916-AA09-7CC017A38CAC}.Debug|x64.ActiveCfg = Debug|Any CPU
		{8170393B-494A-4916-AA09-7CC017A38CAC}.Debug|x64.Build.0 = Debug|Any CPU
		{8170393B-494A-4916-AA09-7CC017A38CAC}.Debug|x64.Deploy.0 = Debug|Any CPU
		{8170393B-494A-4916-AA09-7CC017A38CAC}.Debug|x86.ActiveCfg = Debug|Any CPU
		{8170393B-494A-4916-AA09-7CC017A38CAC}.Debug|x86.Build.0 = Debug|Any CPU
		{8170393B-494A-4916-AA09-7CC017A38CAC}.Debug|x86.Deploy.0 = Debug|Any CPU
		{8170393B-494A-4916-AA09-7CC017A38CAC}.Release|Any CPU.ActiveCfg = Release|Any CPU
		{8170393B-494A-4916-AA09-7CC017A38CAC}.Release|Any CPU.Build.0 = Release|Any CPU
		{8170393B-494A-4916-AA09-7CC017A38CAC}.Release|Any CPU.Deploy.0 = Release|Any CPU
		{8170393B-494A-4916-AA09-7CC017A38CAC}.Release|ARM.ActiveCfg = Release|Any CPU
		{8170393B-494A-4916-AA09-7CC017A38CAC}.Release|ARM.Build.0 = Release|Any CPU
		{8170393B-494A-4916-AA09-7CC017A38CAC}.Release|ARM.Deploy.0 = Release|Any CPU
		{8170393B-494A-4916-AA09-7CC017A38CAC}.Release|iPhone.ActiveCfg = Release|Any CPU
		{8170393B-494A-4916-AA09-7CC017A38CAC}.Release|iPhone.Build.0 = Release|Any CPU
		{8170393B-494A-4916-AA09-7CC017A38CAC}.Release|iPhone.Deploy.0 = Release|Any CPU
		{8170393B-494A-4916-AA09-7CC017A38CAC}.Release|iPhoneSimulator.ActiveCfg = Release|Any CPU
		{8170393B-494A-4916-AA09-7CC017A38CAC}.Release|iPhoneSimulator.Build.0 = Release|Any CPU
		{8170393B-494A-4916-AA09-7CC017A38CAC}.Release|iPhoneSimulator.Deploy.0 = Release|Any CPU
		{8170393B-494A-4916-AA09-7CC017A38CAC}.Release|x64.ActiveCfg = Release|Any CPU
		{8170393B-494A-4916-AA09-7CC017A38CAC}.Release|x64.Build.0 = Release|Any CPU
		{8170393B-494A-4916-AA09-7CC017A38CAC}.Release|x64.Deploy.0 = Release|Any CPU
		{8170393B-494A-4916-AA09-7CC017A38CAC}.Release|x86.ActiveCfg = Release|Any CPU
		{8170393B-494A-4916-AA09-7CC017A38CAC}.Release|x86.Build.0 = Release|Any CPU
		{8170393B-494A-4916-AA09-7CC017A38CAC}.Release|x86.Deploy.0 = Release|Any CPU
		{1449628C-935C-4057-8A4C-5DF8A2C8046B}.Ad-Hoc|Any CPU.ActiveCfg = Release|Any CPU
		{1449628C-935C-4057-8A4C-5DF8A2C8046B}.Ad-Hoc|Any CPU.Build.0 = Release|Any CPU
		{1449628C-935C-4057-8A4C-5DF8A2C8046B}.Ad-Hoc|ARM.ActiveCfg = Release|Any CPU
		{1449628C-935C-4057-8A4C-5DF8A2C8046B}.Ad-Hoc|ARM.Build.0 = Release|Any CPU
		{1449628C-935C-4057-8A4C-5DF8A2C8046B}.Ad-Hoc|iPhone.ActiveCfg = Release|Any CPU
		{1449628C-935C-4057-8A4C-5DF8A2C8046B}.Ad-Hoc|iPhone.Build.0 = Release|Any CPU
		{1449628C-935C-4057-8A4C-5DF8A2C8046B}.Ad-Hoc|iPhoneSimulator.ActiveCfg = Release|Any CPU
		{1449628C-935C-4057-8A4C-5DF8A2C8046B}.Ad-Hoc|iPhoneSimulator.Build.0 = Release|Any CPU
		{1449628C-935C-4057-8A4C-5DF8A2C8046B}.Ad-Hoc|x64.ActiveCfg = Release|Any CPU
		{1449628C-935C-4057-8A4C-5DF8A2C8046B}.Ad-Hoc|x64.Build.0 = Release|Any CPU
		{1449628C-935C-4057-8A4C-5DF8A2C8046B}.Ad-Hoc|x86.ActiveCfg = Release|Any CPU
		{1449628C-935C-4057-8A4C-5DF8A2C8046B}.Ad-Hoc|x86.Build.0 = Release|Any CPU
		{1449628C-935C-4057-8A4C-5DF8A2C8046B}.AppStore|Any CPU.ActiveCfg = Release|Any CPU
		{1449628C-935C-4057-8A4C-5DF8A2C8046B}.AppStore|Any CPU.Build.0 = Release|Any CPU
		{1449628C-935C-4057-8A4C-5DF8A2C8046B}.AppStore|ARM.ActiveCfg = Release|Any CPU
		{1449628C-935C-4057-8A4C-5DF8A2C8046B}.AppStore|ARM.Build.0 = Release|Any CPU
		{1449628C-935C-4057-8A4C-5DF8A2C8046B}.AppStore|iPhone.ActiveCfg = Release|Any CPU
		{1449628C-935C-4057-8A4C-5DF8A2C8046B}.AppStore|iPhone.Build.0 = Release|Any CPU
		{1449628C-935C-4057-8A4C-5DF8A2C8046B}.AppStore|iPhoneSimulator.ActiveCfg = Release|Any CPU
		{1449628C-935C-4057-8A4C-5DF8A2C8046B}.AppStore|iPhoneSimulator.Build.0 = Release|Any CPU
		{1449628C-935C-4057-8A4C-5DF8A2C8046B}.AppStore|x64.ActiveCfg = Release|Any CPU
		{1449628C-935C-4057-8A4C-5DF8A2C8046B}.AppStore|x64.Build.0 = Release|Any CPU
		{1449628C-935C-4057-8A4C-5DF8A2C8046B}.AppStore|x86.ActiveCfg = Release|Any CPU
		{1449628C-935C-4057-8A4C-5DF8A2C8046B}.AppStore|x86.Build.0 = Release|Any CPU
		{1449628C-935C-4057-8A4C-5DF8A2C8046B}.Debug|Any CPU.ActiveCfg = Debug|Any CPU
		{1449628C-935C-4057-8A4C-5DF8A2C8046B}.Debug|Any CPU.Build.0 = Debug|Any CPU
		{1449628C-935C-4057-8A4C-5DF8A2C8046B}.Debug|ARM.ActiveCfg = Debug|Any CPU
		{1449628C-935C-4057-8A4C-5DF8A2C8046B}.Debug|ARM.Build.0 = Debug|Any CPU
		{1449628C-935C-4057-8A4C-5DF8A2C8046B}.Debug|iPhone.ActiveCfg = Debug|Any CPU
		{1449628C-935C-4057-8A4C-5DF8A2C8046B}.Debug|iPhone.Build.0 = Debug|Any CPU
		{1449628C-935C-4057-8A4C-5DF8A2C8046B}.Debug|iPhoneSimulator.ActiveCfg = Debug|Any CPU
		{1449628C-935C-4057-8A4C-5DF8A2C8046B}.Debug|iPhoneSimulator.Build.0 = Debug|Any CPU
		{1449628C-935C-4057-8A4C-5DF8A2C8046B}.Debug|x64.ActiveCfg = Debug|Any CPU
		{1449628C-935C-4057-8A4C-5DF8A2C8046B}.Debug|x64.Build.0 = Debug|Any CPU
		{1449628C-935C-4057-8A4C-5DF8A2C8046B}.Debug|x86.ActiveCfg = Debug|Any CPU
		{1449628C-935C-4057-8A4C-5DF8A2C8046B}.Debug|x86.Build.0 = Debug|Any CPU
		{1449628C-935C-4057-8A4C-5DF8A2C8046B}.Release|Any CPU.ActiveCfg = Release|Any CPU
		{1449628C-935C-4057-8A4C-5DF8A2C8046B}.Release|Any CPU.Build.0 = Release|Any CPU
		{1449628C-935C-4057-8A4C-5DF8A2C8046B}.Release|ARM.ActiveCfg = Release|Any CPU
		{1449628C-935C-4057-8A4C-5DF8A2C8046B}.Release|ARM.Build.0 = Release|Any CPU
		{1449628C-935C-4057-8A4C-5DF8A2C8046B}.Release|iPhone.ActiveCfg = Release|Any CPU
		{1449628C-935C-4057-8A4C-5DF8A2C8046B}.Release|iPhone.Build.0 = Release|Any CPU
		{1449628C-935C-4057-8A4C-5DF8A2C8046B}.Release|iPhoneSimulator.ActiveCfg = Release|Any CPU
		{1449628C-935C-4057-8A4C-5DF8A2C8046B}.Release|iPhoneSimulator.Build.0 = Release|Any CPU
		{1449628C-935C-4057-8A4C-5DF8A2C8046B}.Release|x64.ActiveCfg = Release|Any CPU
		{1449628C-935C-4057-8A4C-5DF8A2C8046B}.Release|x64.Build.0 = Release|Any CPU
		{1449628C-935C-4057-8A4C-5DF8A2C8046B}.Release|x86.ActiveCfg = Release|Any CPU
		{1449628C-935C-4057-8A4C-5DF8A2C8046B}.Release|x86.Build.0 = Release|Any CPU
		{F32365A2-1F28-4FE8-98D0-491E8C155B2A}.Ad-Hoc|Any CPU.ActiveCfg = Release|x86
		{F32365A2-1F28-4FE8-98D0-491E8C155B2A}.Ad-Hoc|Any CPU.Build.0 = Release|x86
		{F32365A2-1F28-4FE8-98D0-491E8C155B2A}.Ad-Hoc|Any CPU.Deploy.0 = Release|x86
		{F32365A2-1F28-4FE8-98D0-491E8C155B2A}.Ad-Hoc|ARM.ActiveCfg = Release|ARM
		{F32365A2-1F28-4FE8-98D0-491E8C155B2A}.Ad-Hoc|ARM.Build.0 = Release|ARM
		{F32365A2-1F28-4FE8-98D0-491E8C155B2A}.Ad-Hoc|ARM.Deploy.0 = Release|ARM
		{F32365A2-1F28-4FE8-98D0-491E8C155B2A}.Ad-Hoc|iPhone.ActiveCfg = Release|x86
		{F32365A2-1F28-4FE8-98D0-491E8C155B2A}.Ad-Hoc|iPhone.Build.0 = Release|x86
		{F32365A2-1F28-4FE8-98D0-491E8C155B2A}.Ad-Hoc|iPhone.Deploy.0 = Release|x86
		{F32365A2-1F28-4FE8-98D0-491E8C155B2A}.Ad-Hoc|iPhoneSimulator.ActiveCfg = Release|x86
		{F32365A2-1F28-4FE8-98D0-491E8C155B2A}.Ad-Hoc|iPhoneSimulator.Build.0 = Release|x86
		{F32365A2-1F28-4FE8-98D0-491E8C155B2A}.Ad-Hoc|iPhoneSimulator.Deploy.0 = Release|x86
		{F32365A2-1F28-4FE8-98D0-491E8C155B2A}.Ad-Hoc|x64.ActiveCfg = Release|x64
		{F32365A2-1F28-4FE8-98D0-491E8C155B2A}.Ad-Hoc|x64.Build.0 = Release|x64
		{F32365A2-1F28-4FE8-98D0-491E8C155B2A}.Ad-Hoc|x64.Deploy.0 = Release|x64
		{F32365A2-1F28-4FE8-98D0-491E8C155B2A}.Ad-Hoc|x86.ActiveCfg = Release|x86
		{F32365A2-1F28-4FE8-98D0-491E8C155B2A}.Ad-Hoc|x86.Build.0 = Release|x86
		{F32365A2-1F28-4FE8-98D0-491E8C155B2A}.Ad-Hoc|x86.Deploy.0 = Release|x86
		{F32365A2-1F28-4FE8-98D0-491E8C155B2A}.AppStore|Any CPU.ActiveCfg = Release|x86
		{F32365A2-1F28-4FE8-98D0-491E8C155B2A}.AppStore|Any CPU.Build.0 = Release|x86
		{F32365A2-1F28-4FE8-98D0-491E8C155B2A}.AppStore|Any CPU.Deploy.0 = Release|x86
		{F32365A2-1F28-4FE8-98D0-491E8C155B2A}.AppStore|ARM.ActiveCfg = Release|ARM
		{F32365A2-1F28-4FE8-98D0-491E8C155B2A}.AppStore|ARM.Build.0 = Release|ARM
		{F32365A2-1F28-4FE8-98D0-491E8C155B2A}.AppStore|ARM.Deploy.0 = Release|ARM
		{F32365A2-1F28-4FE8-98D0-491E8C155B2A}.AppStore|iPhone.ActiveCfg = Release|x86
		{F32365A2-1F28-4FE8-98D0-491E8C155B2A}.AppStore|iPhone.Build.0 = Release|x86
		{F32365A2-1F28-4FE8-98D0-491E8C155B2A}.AppStore|iPhone.Deploy.0 = Release|x86
		{F32365A2-1F28-4FE8-98D0-491E8C155B2A}.AppStore|iPhoneSimulator.ActiveCfg = Release|x86
		{F32365A2-1F28-4FE8-98D0-491E8C155B2A}.AppStore|iPhoneSimulator.Build.0 = Release|x86
		{F32365A2-1F28-4FE8-98D0-491E8C155B2A}.AppStore|iPhoneSimulator.Deploy.0 = Release|x86
		{F32365A2-1F28-4FE8-98D0-491E8C155B2A}.AppStore|x64.ActiveCfg = Release|x64
		{F32365A2-1F28-4FE8-98D0-491E8C155B2A}.AppStore|x64.Build.0 = Release|x64
		{F32365A2-1F28-4FE8-98D0-491E8C155B2A}.AppStore|x64.Deploy.0 = Release|x64
		{F32365A2-1F28-4FE8-98D0-491E8C155B2A}.AppStore|x86.ActiveCfg = Release|x86
		{F32365A2-1F28-4FE8-98D0-491E8C155B2A}.AppStore|x86.Build.0 = Release|x86
		{F32365A2-1F28-4FE8-98D0-491E8C155B2A}.AppStore|x86.Deploy.0 = Release|x86
		{F32365A2-1F28-4FE8-98D0-491E8C155B2A}.Debug|Any CPU.ActiveCfg = Debug|x86
		{F32365A2-1F28-4FE8-98D0-491E8C155B2A}.Debug|Any CPU.Build.0 = Debug|x86
		{F32365A2-1F28-4FE8-98D0-491E8C155B2A}.Debug|Any CPU.Deploy.0 = Debug|x86
		{F32365A2-1F28-4FE8-98D0-491E8C155B2A}.Debug|ARM.ActiveCfg = Debug|ARM
		{F32365A2-1F28-4FE8-98D0-491E8C155B2A}.Debug|ARM.Build.0 = Debug|ARM
		{F32365A2-1F28-4FE8-98D0-491E8C155B2A}.Debug|ARM.Deploy.0 = Debug|ARM
		{F32365A2-1F28-4FE8-98D0-491E8C155B2A}.Debug|iPhone.ActiveCfg = Debug|x86
		{F32365A2-1F28-4FE8-98D0-491E8C155B2A}.Debug|iPhoneSimulator.ActiveCfg = Debug|x86
		{F32365A2-1F28-4FE8-98D0-491E8C155B2A}.Debug|x64.ActiveCfg = Debug|x64
		{F32365A2-1F28-4FE8-98D0-491E8C155B2A}.Debug|x64.Build.0 = Debug|x64
		{F32365A2-1F28-4FE8-98D0-491E8C155B2A}.Debug|x64.Deploy.0 = Debug|x64
		{F32365A2-1F28-4FE8-98D0-491E8C155B2A}.Debug|x86.ActiveCfg = Debug|x86
		{F32365A2-1F28-4FE8-98D0-491E8C155B2A}.Debug|x86.Build.0 = Debug|x86
		{F32365A2-1F28-4FE8-98D0-491E8C155B2A}.Debug|x86.Deploy.0 = Debug|x86
		{F32365A2-1F28-4FE8-98D0-491E8C155B2A}.Release|Any CPU.ActiveCfg = Release|x86
		{F32365A2-1F28-4FE8-98D0-491E8C155B2A}.Release|Any CPU.Build.0 = Release|x86
		{F32365A2-1F28-4FE8-98D0-491E8C155B2A}.Release|Any CPU.Deploy.0 = Release|x86
		{F32365A2-1F28-4FE8-98D0-491E8C155B2A}.Release|ARM.ActiveCfg = Release|ARM
		{F32365A2-1F28-4FE8-98D0-491E8C155B2A}.Release|ARM.Build.0 = Release|ARM
		{F32365A2-1F28-4FE8-98D0-491E8C155B2A}.Release|ARM.Deploy.0 = Release|ARM
		{F32365A2-1F28-4FE8-98D0-491E8C155B2A}.Release|iPhone.ActiveCfg = Release|x86
		{F32365A2-1F28-4FE8-98D0-491E8C155B2A}.Release|iPhoneSimulator.ActiveCfg = Release|x86
		{F32365A2-1F28-4FE8-98D0-491E8C155B2A}.Release|x64.ActiveCfg = Release|x64
		{F32365A2-1F28-4FE8-98D0-491E8C155B2A}.Release|x64.Build.0 = Release|x64
		{F32365A2-1F28-4FE8-98D0-491E8C155B2A}.Release|x64.Deploy.0 = Release|x64
		{F32365A2-1F28-4FE8-98D0-491E8C155B2A}.Release|x86.ActiveCfg = Release|x86
		{F32365A2-1F28-4FE8-98D0-491E8C155B2A}.Release|x86.Build.0 = Release|x86
		{F32365A2-1F28-4FE8-98D0-491E8C155B2A}.Release|x86.Deploy.0 = Release|x86
		{26F82077-FDD8-43AD-AEB2-ADD5AA1A6DD5}.Ad-Hoc|Any CPU.ActiveCfg = Ad-Hoc|iPhone
		{26F82077-FDD8-43AD-AEB2-ADD5AA1A6DD5}.Ad-Hoc|ARM.ActiveCfg = Ad-Hoc|iPhone
		{26F82077-FDD8-43AD-AEB2-ADD5AA1A6DD5}.Ad-Hoc|iPhone.ActiveCfg = Ad-Hoc|iPhone
		{26F82077-FDD8-43AD-AEB2-ADD5AA1A6DD5}.Ad-Hoc|iPhone.Build.0 = Ad-Hoc|iPhone
		{26F82077-FDD8-43AD-AEB2-ADD5AA1A6DD5}.Ad-Hoc|iPhoneSimulator.ActiveCfg = Ad-Hoc|iPhoneSimulator
		{26F82077-FDD8-43AD-AEB2-ADD5AA1A6DD5}.Ad-Hoc|iPhoneSimulator.Build.0 = Ad-Hoc|iPhoneSimulator
		{26F82077-FDD8-43AD-AEB2-ADD5AA1A6DD5}.Ad-Hoc|x64.ActiveCfg = Ad-Hoc|iPhone
		{26F82077-FDD8-43AD-AEB2-ADD5AA1A6DD5}.Ad-Hoc|x86.ActiveCfg = Ad-Hoc|iPhone
		{26F82077-FDD8-43AD-AEB2-ADD5AA1A6DD5}.AppStore|Any CPU.ActiveCfg = AppStore|iPhone
		{26F82077-FDD8-43AD-AEB2-ADD5AA1A6DD5}.AppStore|ARM.ActiveCfg = AppStore|iPhone
		{26F82077-FDD8-43AD-AEB2-ADD5AA1A6DD5}.AppStore|iPhone.ActiveCfg = AppStore|iPhone
		{26F82077-FDD8-43AD-AEB2-ADD5AA1A6DD5}.AppStore|iPhone.Build.0 = AppStore|iPhone
		{26F82077-FDD8-43AD-AEB2-ADD5AA1A6DD5}.AppStore|iPhoneSimulator.ActiveCfg = AppStore|iPhoneSimulator
		{26F82077-FDD8-43AD-AEB2-ADD5AA1A6DD5}.AppStore|iPhoneSimulator.Build.0 = AppStore|iPhoneSimulator
		{26F82077-FDD8-43AD-AEB2-ADD5AA1A6DD5}.AppStore|x64.ActiveCfg = AppStore|iPhone
		{26F82077-FDD8-43AD-AEB2-ADD5AA1A6DD5}.AppStore|x86.ActiveCfg = AppStore|iPhone
		{26F82077-FDD8-43AD-AEB2-ADD5AA1A6DD5}.Debug|Any CPU.ActiveCfg = Debug|iPhone
		{26F82077-FDD8-43AD-AEB2-ADD5AA1A6DD5}.Debug|Any CPU.Build.0 = Debug|iPhone
		{26F82077-FDD8-43AD-AEB2-ADD5AA1A6DD5}.Debug|ARM.ActiveCfg = Debug|iPhone
		{26F82077-FDD8-43AD-AEB2-ADD5AA1A6DD5}.Debug|iPhone.ActiveCfg = Debug|iPhone
		{26F82077-FDD8-43AD-AEB2-ADD5AA1A6DD5}.Debug|iPhone.Build.0 = Debug|iPhone
		{26F82077-FDD8-43AD-AEB2-ADD5AA1A6DD5}.Debug|iPhoneSimulator.ActiveCfg = Debug|iPhoneSimulator
		{26F82077-FDD8-43AD-AEB2-ADD5AA1A6DD5}.Debug|iPhoneSimulator.Build.0 = Debug|iPhoneSimulator
		{26F82077-FDD8-43AD-AEB2-ADD5AA1A6DD5}.Debug|x64.ActiveCfg = Debug|iPhone
		{26F82077-FDD8-43AD-AEB2-ADD5AA1A6DD5}.Debug|x86.ActiveCfg = Debug|iPhone
		{26F82077-FDD8-43AD-AEB2-ADD5AA1A6DD5}.Debug|x86.Build.0 = Debug|iPhone
		{26F82077-FDD8-43AD-AEB2-ADD5AA1A6DD5}.Release|Any CPU.ActiveCfg = Release|iPhone
		{26F82077-FDD8-43AD-AEB2-ADD5AA1A6DD5}.Release|Any CPU.Build.0 = Release|iPhone
		{26F82077-FDD8-43AD-AEB2-ADD5AA1A6DD5}.Release|ARM.ActiveCfg = Release|iPhone
		{26F82077-FDD8-43AD-AEB2-ADD5AA1A6DD5}.Release|iPhone.ActiveCfg = Release|iPhone
		{26F82077-FDD8-43AD-AEB2-ADD5AA1A6DD5}.Release|iPhone.Build.0 = Release|iPhone
		{26F82077-FDD8-43AD-AEB2-ADD5AA1A6DD5}.Release|iPhoneSimulator.ActiveCfg = Release|iPhoneSimulator
		{26F82077-FDD8-43AD-AEB2-ADD5AA1A6DD5}.Release|iPhoneSimulator.Build.0 = Release|iPhoneSimulator
		{26F82077-FDD8-43AD-AEB2-ADD5AA1A6DD5}.Release|x64.ActiveCfg = Release|iPhone
		{26F82077-FDD8-43AD-AEB2-ADD5AA1A6DD5}.Release|x86.ActiveCfg = Release|iPhone
		{1A6B7DE0-F633-4EE4-A454-70FA494591AF}.Ad-Hoc|Any CPU.ActiveCfg = Debug|Any CPU
		{1A6B7DE0-F633-4EE4-A454-70FA494591AF}.Ad-Hoc|Any CPU.Build.0 = Debug|Any CPU
		{1A6B7DE0-F633-4EE4-A454-70FA494591AF}.Ad-Hoc|Any CPU.Deploy.0 = Debug|Any CPU
		{1A6B7DE0-F633-4EE4-A454-70FA494591AF}.Ad-Hoc|ARM.ActiveCfg = Debug|Any CPU
		{1A6B7DE0-F633-4EE4-A454-70FA494591AF}.Ad-Hoc|ARM.Build.0 = Debug|Any CPU
		{1A6B7DE0-F633-4EE4-A454-70FA494591AF}.Ad-Hoc|ARM.Deploy.0 = Debug|Any CPU
		{1A6B7DE0-F633-4EE4-A454-70FA494591AF}.Ad-Hoc|iPhone.ActiveCfg = Debug|Any CPU
		{1A6B7DE0-F633-4EE4-A454-70FA494591AF}.Ad-Hoc|iPhone.Build.0 = Debug|Any CPU
		{1A6B7DE0-F633-4EE4-A454-70FA494591AF}.Ad-Hoc|iPhone.Deploy.0 = Debug|Any CPU
		{1A6B7DE0-F633-4EE4-A454-70FA494591AF}.Ad-Hoc|iPhoneSimulator.ActiveCfg = Debug|Any CPU
		{1A6B7DE0-F633-4EE4-A454-70FA494591AF}.Ad-Hoc|iPhoneSimulator.Build.0 = Debug|Any CPU
		{1A6B7DE0-F633-4EE4-A454-70FA494591AF}.Ad-Hoc|iPhoneSimulator.Deploy.0 = Debug|Any CPU
		{1A6B7DE0-F633-4EE4-A454-70FA494591AF}.Ad-Hoc|x64.ActiveCfg = Debug|Any CPU
		{1A6B7DE0-F633-4EE4-A454-70FA494591AF}.Ad-Hoc|x64.Build.0 = Debug|Any CPU
		{1A6B7DE0-F633-4EE4-A454-70FA494591AF}.Ad-Hoc|x64.Deploy.0 = Debug|Any CPU
		{1A6B7DE0-F633-4EE4-A454-70FA494591AF}.Ad-Hoc|x86.ActiveCfg = Debug|Any CPU
		{1A6B7DE0-F633-4EE4-A454-70FA494591AF}.Ad-Hoc|x86.Build.0 = Debug|Any CPU
		{1A6B7DE0-F633-4EE4-A454-70FA494591AF}.Ad-Hoc|x86.Deploy.0 = Debug|Any CPU
		{1A6B7DE0-F633-4EE4-A454-70FA494591AF}.AppStore|Any CPU.ActiveCfg = Debug|Any CPU
		{1A6B7DE0-F633-4EE4-A454-70FA494591AF}.AppStore|Any CPU.Build.0 = Debug|Any CPU
		{1A6B7DE0-F633-4EE4-A454-70FA494591AF}.AppStore|Any CPU.Deploy.0 = Debug|Any CPU
		{1A6B7DE0-F633-4EE4-A454-70FA494591AF}.AppStore|ARM.ActiveCfg = Debug|Any CPU
		{1A6B7DE0-F633-4EE4-A454-70FA494591AF}.AppStore|ARM.Build.0 = Debug|Any CPU
		{1A6B7DE0-F633-4EE4-A454-70FA494591AF}.AppStore|ARM.Deploy.0 = Debug|Any CPU
		{1A6B7DE0-F633-4EE4-A454-70FA494591AF}.AppStore|iPhone.ActiveCfg = Debug|Any CPU
		{1A6B7DE0-F633-4EE4-A454-70FA494591AF}.AppStore|iPhone.Build.0 = Debug|Any CPU
		{1A6B7DE0-F633-4EE4-A454-70FA494591AF}.AppStore|iPhone.Deploy.0 = Debug|Any CPU
		{1A6B7DE0-F633-4EE4-A454-70FA494591AF}.AppStore|iPhoneSimulator.ActiveCfg = Debug|Any CPU
		{1A6B7DE0-F633-4EE4-A454-70FA494591AF}.AppStore|iPhoneSimulator.Build.0 = Debug|Any CPU
		{1A6B7DE0-F633-4EE4-A454-70FA494591AF}.AppStore|iPhoneSimulator.Deploy.0 = Debug|Any CPU
		{1A6B7DE0-F633-4EE4-A454-70FA494591AF}.AppStore|x64.ActiveCfg = Debug|Any CPU
		{1A6B7DE0-F633-4EE4-A454-70FA494591AF}.AppStore|x64.Build.0 = Debug|Any CPU
		{1A6B7DE0-F633-4EE4-A454-70FA494591AF}.AppStore|x64.Deploy.0 = Debug|Any CPU
		{1A6B7DE0-F633-4EE4-A454-70FA494591AF}.AppStore|x86.ActiveCfg = Debug|Any CPU
		{1A6B7DE0-F633-4EE4-A454-70FA494591AF}.AppStore|x86.Build.0 = Debug|Any CPU
		{1A6B7DE0-F633-4EE4-A454-70FA494591AF}.AppStore|x86.Deploy.0 = Debug|Any CPU
		{1A6B7DE0-F633-4EE4-A454-70FA494591AF}.Debug|Any CPU.ActiveCfg = Debug|Any CPU
		{1A6B7DE0-F633-4EE4-A454-70FA494591AF}.Debug|Any CPU.Build.0 = Debug|Any CPU
		{1A6B7DE0-F633-4EE4-A454-70FA494591AF}.Debug|Any CPU.Deploy.0 = Debug|Any CPU
		{1A6B7DE0-F633-4EE4-A454-70FA494591AF}.Debug|ARM.ActiveCfg = Debug|Any CPU
		{1A6B7DE0-F633-4EE4-A454-70FA494591AF}.Debug|ARM.Build.0 = Debug|Any CPU
		{1A6B7DE0-F633-4EE4-A454-70FA494591AF}.Debug|ARM.Deploy.0 = Debug|Any CPU
		{1A6B7DE0-F633-4EE4-A454-70FA494591AF}.Debug|iPhone.ActiveCfg = Debug|Any CPU
		{1A6B7DE0-F633-4EE4-A454-70FA494591AF}.Debug|iPhone.Build.0 = Debug|Any CPU
		{1A6B7DE0-F633-4EE4-A454-70FA494591AF}.Debug|iPhone.Deploy.0 = Debug|Any CPU
		{1A6B7DE0-F633-4EE4-A454-70FA494591AF}.Debug|iPhoneSimulator.ActiveCfg = Debug|Any CPU
		{1A6B7DE0-F633-4EE4-A454-70FA494591AF}.Debug|iPhoneSimulator.Build.0 = Debug|Any CPU
		{1A6B7DE0-F633-4EE4-A454-70FA494591AF}.Debug|iPhoneSimulator.Deploy.0 = Debug|Any CPU
		{1A6B7DE0-F633-4EE4-A454-70FA494591AF}.Debug|x64.ActiveCfg = Debug|Any CPU
		{1A6B7DE0-F633-4EE4-A454-70FA494591AF}.Debug|x64.Build.0 = Debug|Any CPU
		{1A6B7DE0-F633-4EE4-A454-70FA494591AF}.Debug|x64.Deploy.0 = Debug|Any CPU
		{1A6B7DE0-F633-4EE4-A454-70FA494591AF}.Debug|x86.ActiveCfg = Debug|Any CPU
		{1A6B7DE0-F633-4EE4-A454-70FA494591AF}.Debug|x86.Build.0 = Debug|Any CPU
		{1A6B7DE0-F633-4EE4-A454-70FA494591AF}.Debug|x86.Deploy.0 = Debug|Any CPU
		{1A6B7DE0-F633-4EE4-A454-70FA494591AF}.Release|Any CPU.ActiveCfg = Release|Any CPU
		{1A6B7DE0-F633-4EE4-A454-70FA494591AF}.Release|Any CPU.Build.0 = Release|Any CPU
		{1A6B7DE0-F633-4EE4-A454-70FA494591AF}.Release|Any CPU.Deploy.0 = Release|Any CPU
		{1A6B7DE0-F633-4EE4-A454-70FA494591AF}.Release|ARM.ActiveCfg = Release|Any CPU
		{1A6B7DE0-F633-4EE4-A454-70FA494591AF}.Release|ARM.Build.0 = Release|Any CPU
		{1A6B7DE0-F633-4EE4-A454-70FA494591AF}.Release|ARM.Deploy.0 = Release|Any CPU
		{1A6B7DE0-F633-4EE4-A454-70FA494591AF}.Release|iPhone.ActiveCfg = Release|Any CPU
		{1A6B7DE0-F633-4EE4-A454-70FA494591AF}.Release|iPhone.Build.0 = Release|Any CPU
		{1A6B7DE0-F633-4EE4-A454-70FA494591AF}.Release|iPhone.Deploy.0 = Release|Any CPU
		{1A6B7DE0-F633-4EE4-A454-70FA494591AF}.Release|iPhoneSimulator.ActiveCfg = Release|Any CPU
		{1A6B7DE0-F633-4EE4-A454-70FA494591AF}.Release|iPhoneSimulator.Build.0 = Release|Any CPU
		{1A6B7DE0-F633-4EE4-A454-70FA494591AF}.Release|iPhoneSimulator.Deploy.0 = Release|Any CPU
		{1A6B7DE0-F633-4EE4-A454-70FA494591AF}.Release|x64.ActiveCfg = Release|Any CPU
		{1A6B7DE0-F633-4EE4-A454-70FA494591AF}.Release|x64.Build.0 = Release|Any CPU
		{1A6B7DE0-F633-4EE4-A454-70FA494591AF}.Release|x64.Deploy.0 = Release|Any CPU
		{1A6B7DE0-F633-4EE4-A454-70FA494591AF}.Release|x86.ActiveCfg = Release|Any CPU
		{1A6B7DE0-F633-4EE4-A454-70FA494591AF}.Release|x86.Build.0 = Release|Any CPU
		{1A6B7DE0-F633-4EE4-A454-70FA494591AF}.Release|x86.Deploy.0 = Release|Any CPU
		{67F9D3A8-F71E-4428-913F-C37AE82CDB24}.Ad-Hoc|Any CPU.ActiveCfg = Release|Any CPU
		{67F9D3A8-F71E-4428-913F-C37AE82CDB24}.Ad-Hoc|Any CPU.Build.0 = Release|Any CPU
		{67F9D3A8-F71E-4428-913F-C37AE82CDB24}.Ad-Hoc|ARM.ActiveCfg = Release|Any CPU
		{67F9D3A8-F71E-4428-913F-C37AE82CDB24}.Ad-Hoc|ARM.Build.0 = Release|Any CPU
		{67F9D3A8-F71E-4428-913F-C37AE82CDB24}.Ad-Hoc|iPhone.ActiveCfg = Release|Any CPU
		{67F9D3A8-F71E-4428-913F-C37AE82CDB24}.Ad-Hoc|iPhone.Build.0 = Release|Any CPU
		{67F9D3A8-F71E-4428-913F-C37AE82CDB24}.Ad-Hoc|iPhoneSimulator.ActiveCfg = Release|Any CPU
		{67F9D3A8-F71E-4428-913F-C37AE82CDB24}.Ad-Hoc|iPhoneSimulator.Build.0 = Release|Any CPU
		{67F9D3A8-F71E-4428-913F-C37AE82CDB24}.Ad-Hoc|x64.ActiveCfg = Release|Any CPU
		{67F9D3A8-F71E-4428-913F-C37AE82CDB24}.Ad-Hoc|x64.Build.0 = Release|Any CPU
		{67F9D3A8-F71E-4428-913F-C37AE82CDB24}.Ad-Hoc|x86.ActiveCfg = Release|Any CPU
		{67F9D3A8-F71E-4428-913F-C37AE82CDB24}.Ad-Hoc|x86.Build.0 = Release|Any CPU
		{67F9D3A8-F71E-4428-913F-C37AE82CDB24}.AppStore|Any CPU.ActiveCfg = Release|Any CPU
		{67F9D3A8-F71E-4428-913F-C37AE82CDB24}.AppStore|Any CPU.Build.0 = Release|Any CPU
		{67F9D3A8-F71E-4428-913F-C37AE82CDB24}.AppStore|ARM.ActiveCfg = Release|Any CPU
		{67F9D3A8-F71E-4428-913F-C37AE82CDB24}.AppStore|ARM.Build.0 = Release|Any CPU
		{67F9D3A8-F71E-4428-913F-C37AE82CDB24}.AppStore|iPhone.ActiveCfg = Release|Any CPU
		{67F9D3A8-F71E-4428-913F-C37AE82CDB24}.AppStore|iPhone.Build.0 = Release|Any CPU
		{67F9D3A8-F71E-4428-913F-C37AE82CDB24}.AppStore|iPhoneSimulator.ActiveCfg = Release|Any CPU
		{67F9D3A8-F71E-4428-913F-C37AE82CDB24}.AppStore|iPhoneSimulator.Build.0 = Release|Any CPU
		{67F9D3A8-F71E-4428-913F-C37AE82CDB24}.AppStore|x64.ActiveCfg = Release|Any CPU
		{67F9D3A8-F71E-4428-913F-C37AE82CDB24}.AppStore|x64.Build.0 = Release|Any CPU
		{67F9D3A8-F71E-4428-913F-C37AE82CDB24}.AppStore|x86.ActiveCfg = Release|Any CPU
		{67F9D3A8-F71E-4428-913F-C37AE82CDB24}.AppStore|x86.Build.0 = Release|Any CPU
		{67F9D3A8-F71E-4428-913F-C37AE82CDB24}.Debug|Any CPU.ActiveCfg = Debug|Any CPU
		{67F9D3A8-F71E-4428-913F-C37AE82CDB24}.Debug|Any CPU.Build.0 = Debug|Any CPU
		{67F9D3A8-F71E-4428-913F-C37AE82CDB24}.Debug|ARM.ActiveCfg = Debug|Any CPU
		{67F9D3A8-F71E-4428-913F-C37AE82CDB24}.Debug|ARM.Build.0 = Debug|Any CPU
		{67F9D3A8-F71E-4428-913F-C37AE82CDB24}.Debug|iPhone.ActiveCfg = Debug|Any CPU
		{67F9D3A8-F71E-4428-913F-C37AE82CDB24}.Debug|iPhone.Build.0 = Debug|Any CPU
		{67F9D3A8-F71E-4428-913F-C37AE82CDB24}.Debug|iPhoneSimulator.ActiveCfg = Debug|Any CPU
		{67F9D3A8-F71E-4428-913F-C37AE82CDB24}.Debug|iPhoneSimulator.Build.0 = Debug|Any CPU
		{67F9D3A8-F71E-4428-913F-C37AE82CDB24}.Debug|x64.ActiveCfg = Debug|Any CPU
		{67F9D3A8-F71E-4428-913F-C37AE82CDB24}.Debug|x64.Build.0 = Debug|Any CPU
		{67F9D3A8-F71E-4428-913F-C37AE82CDB24}.Debug|x86.ActiveCfg = Debug|Any CPU
		{67F9D3A8-F71E-4428-913F-C37AE82CDB24}.Debug|x86.Build.0 = Debug|Any CPU
		{67F9D3A8-F71E-4428-913F-C37AE82CDB24}.Release|Any CPU.ActiveCfg = Release|Any CPU
		{67F9D3A8-F71E-4428-913F-C37AE82CDB24}.Release|Any CPU.Build.0 = Release|Any CPU
		{67F9D3A8-F71E-4428-913F-C37AE82CDB24}.Release|ARM.ActiveCfg = Release|Any CPU
		{67F9D3A8-F71E-4428-913F-C37AE82CDB24}.Release|ARM.Build.0 = Release|Any CPU
		{67F9D3A8-F71E-4428-913F-C37AE82CDB24}.Release|iPhone.ActiveCfg = Release|Any CPU
		{67F9D3A8-F71E-4428-913F-C37AE82CDB24}.Release|iPhone.Build.0 = Release|Any CPU
		{67F9D3A8-F71E-4428-913F-C37AE82CDB24}.Release|iPhoneSimulator.ActiveCfg = Release|Any CPU
		{67F9D3A8-F71E-4428-913F-C37AE82CDB24}.Release|iPhoneSimulator.Build.0 = Release|Any CPU
		{67F9D3A8-F71E-4428-913F-C37AE82CDB24}.Release|x64.ActiveCfg = Release|Any CPU
		{67F9D3A8-F71E-4428-913F-C37AE82CDB24}.Release|x64.Build.0 = Release|Any CPU
		{67F9D3A8-F71E-4428-913F-C37AE82CDB24}.Release|x86.ActiveCfg = Release|Any CPU
		{67F9D3A8-F71E-4428-913F-C37AE82CDB24}.Release|x86.Build.0 = Release|Any CPU
		{63970B37-2478-4FEF-A178-0F5C90B69ECF}.Ad-Hoc|Any CPU.ActiveCfg = Release|Any CPU
		{63970B37-2478-4FEF-A178-0F5C90B69ECF}.Ad-Hoc|Any CPU.Build.0 = Release|Any CPU
		{63970B37-2478-4FEF-A178-0F5C90B69ECF}.Ad-Hoc|ARM.ActiveCfg = Release|Any CPU
		{63970B37-2478-4FEF-A178-0F5C90B69ECF}.Ad-Hoc|ARM.Build.0 = Release|Any CPU
		{63970B37-2478-4FEF-A178-0F5C90B69ECF}.Ad-Hoc|iPhone.ActiveCfg = Release|Any CPU
		{63970B37-2478-4FEF-A178-0F5C90B69ECF}.Ad-Hoc|iPhone.Build.0 = Release|Any CPU
		{63970B37-2478-4FEF-A178-0F5C90B69ECF}.Ad-Hoc|iPhoneSimulator.ActiveCfg = Release|Any CPU
		{63970B37-2478-4FEF-A178-0F5C90B69ECF}.Ad-Hoc|iPhoneSimulator.Build.0 = Release|Any CPU
		{63970B37-2478-4FEF-A178-0F5C90B69ECF}.Ad-Hoc|x64.ActiveCfg = Release|Any CPU
		{63970B37-2478-4FEF-A178-0F5C90B69ECF}.Ad-Hoc|x64.Build.0 = Release|Any CPU
		{63970B37-2478-4FEF-A178-0F5C90B69ECF}.Ad-Hoc|x86.ActiveCfg = Release|Any CPU
		{63970B37-2478-4FEF-A178-0F5C90B69ECF}.Ad-Hoc|x86.Build.0 = Release|Any CPU
		{63970B37-2478-4FEF-A178-0F5C90B69ECF}.AppStore|Any CPU.ActiveCfg = Release|Any CPU
		{63970B37-2478-4FEF-A178-0F5C90B69ECF}.AppStore|Any CPU.Build.0 = Release|Any CPU
		{63970B37-2478-4FEF-A178-0F5C90B69ECF}.AppStore|ARM.ActiveCfg = Release|Any CPU
		{63970B37-2478-4FEF-A178-0F5C90B69ECF}.AppStore|ARM.Build.0 = Release|Any CPU
		{63970B37-2478-4FEF-A178-0F5C90B69ECF}.AppStore|iPhone.ActiveCfg = Release|Any CPU
		{63970B37-2478-4FEF-A178-0F5C90B69ECF}.AppStore|iPhone.Build.0 = Release|Any CPU
		{63970B37-2478-4FEF-A178-0F5C90B69ECF}.AppStore|iPhoneSimulator.ActiveCfg = Release|Any CPU
		{63970B37-2478-4FEF-A178-0F5C90B69ECF}.AppStore|iPhoneSimulator.Build.0 = Release|Any CPU
		{63970B37-2478-4FEF-A178-0F5C90B69ECF}.AppStore|x64.ActiveCfg = Release|Any CPU
		{63970B37-2478-4FEF-A178-0F5C90B69ECF}.AppStore|x64.Build.0 = Release|Any CPU
		{63970B37-2478-4FEF-A178-0F5C90B69ECF}.AppStore|x86.ActiveCfg = Release|Any CPU
		{63970B37-2478-4FEF-A178-0F5C90B69ECF}.AppStore|x86.Build.0 = Release|Any CPU
		{63970B37-2478-4FEF-A178-0F5C90B69ECF}.Debug|Any CPU.ActiveCfg = Debug|Any CPU
		{63970B37-2478-4FEF-A178-0F5C90B69ECF}.Debug|Any CPU.Build.0 = Debug|Any CPU
		{63970B37-2478-4FEF-A178-0F5C90B69ECF}.Debug|ARM.ActiveCfg = Debug|Any CPU
		{63970B37-2478-4FEF-A178-0F5C90B69ECF}.Debug|ARM.Build.0 = Debug|Any CPU
		{63970B37-2478-4FEF-A178-0F5C90B69ECF}.Debug|iPhone.ActiveCfg = Debug|Any CPU
		{63970B37-2478-4FEF-A178-0F5C90B69ECF}.Debug|iPhone.Build.0 = Debug|Any CPU
		{63970B37-2478-4FEF-A178-0F5C90B69ECF}.Debug|iPhoneSimulator.ActiveCfg = Debug|Any CPU
		{63970B37-2478-4FEF-A178-0F5C90B69ECF}.Debug|iPhoneSimulator.Build.0 = Debug|Any CPU
		{63970B37-2478-4FEF-A178-0F5C90B69ECF}.Debug|x64.ActiveCfg = Debug|Any CPU
		{63970B37-2478-4FEF-A178-0F5C90B69ECF}.Debug|x64.Build.0 = Debug|Any CPU
		{63970B37-2478-4FEF-A178-0F5C90B69ECF}.Debug|x86.ActiveCfg = Debug|Any CPU
		{63970B37-2478-4FEF-A178-0F5C90B69ECF}.Debug|x86.Build.0 = Debug|Any CPU
		{63970B37-2478-4FEF-A178-0F5C90B69ECF}.Release|Any CPU.ActiveCfg = Release|Any CPU
		{63970B37-2478-4FEF-A178-0F5C90B69ECF}.Release|Any CPU.Build.0 = Release|Any CPU
		{63970B37-2478-4FEF-A178-0F5C90B69ECF}.Release|ARM.ActiveCfg = Release|Any CPU
		{63970B37-2478-4FEF-A178-0F5C90B69ECF}.Release|ARM.Build.0 = Release|Any CPU
		{63970B37-2478-4FEF-A178-0F5C90B69ECF}.Release|iPhone.ActiveCfg = Release|Any CPU
		{63970B37-2478-4FEF-A178-0F5C90B69ECF}.Release|iPhone.Build.0 = Release|Any CPU
		{63970B37-2478-4FEF-A178-0F5C90B69ECF}.Release|iPhoneSimulator.ActiveCfg = Release|Any CPU
		{63970B37-2478-4FEF-A178-0F5C90B69ECF}.Release|iPhoneSimulator.Build.0 = Release|Any CPU
		{63970B37-2478-4FEF-A178-0F5C90B69ECF}.Release|x64.ActiveCfg = Release|Any CPU
		{63970B37-2478-4FEF-A178-0F5C90B69ECF}.Release|x64.Build.0 = Release|Any CPU
		{63970B37-2478-4FEF-A178-0F5C90B69ECF}.Release|x86.ActiveCfg = Release|Any CPU
		{63970B37-2478-4FEF-A178-0F5C90B69ECF}.Release|x86.Build.0 = Release|Any CPU
		{323561CC-EDD6-4C3A-BA6F-CA5F47CC269F}.Ad-Hoc|Any CPU.ActiveCfg = Release|Any CPU
		{323561CC-EDD6-4C3A-BA6F-CA5F47CC269F}.Ad-Hoc|Any CPU.Build.0 = Release|Any CPU
		{323561CC-EDD6-4C3A-BA6F-CA5F47CC269F}.Ad-Hoc|ARM.ActiveCfg = Release|Any CPU
		{323561CC-EDD6-4C3A-BA6F-CA5F47CC269F}.Ad-Hoc|ARM.Build.0 = Release|Any CPU
		{323561CC-EDD6-4C3A-BA6F-CA5F47CC269F}.Ad-Hoc|iPhone.ActiveCfg = Release|Any CPU
		{323561CC-EDD6-4C3A-BA6F-CA5F47CC269F}.Ad-Hoc|iPhone.Build.0 = Release|Any CPU
		{323561CC-EDD6-4C3A-BA6F-CA5F47CC269F}.Ad-Hoc|iPhoneSimulator.ActiveCfg = Release|Any CPU
		{323561CC-EDD6-4C3A-BA6F-CA5F47CC269F}.Ad-Hoc|iPhoneSimulator.Build.0 = Release|Any CPU
		{323561CC-EDD6-4C3A-BA6F-CA5F47CC269F}.Ad-Hoc|x64.ActiveCfg = Release|Any CPU
		{323561CC-EDD6-4C3A-BA6F-CA5F47CC269F}.Ad-Hoc|x64.Build.0 = Release|Any CPU
		{323561CC-EDD6-4C3A-BA6F-CA5F47CC269F}.Ad-Hoc|x86.ActiveCfg = Release|Any CPU
		{323561CC-EDD6-4C3A-BA6F-CA5F47CC269F}.Ad-Hoc|x86.Build.0 = Release|Any CPU
		{323561CC-EDD6-4C3A-BA6F-CA5F47CC269F}.AppStore|Any CPU.ActiveCfg = Release|Any CPU
		{323561CC-EDD6-4C3A-BA6F-CA5F47CC269F}.AppStore|Any CPU.Build.0 = Release|Any CPU
		{323561CC-EDD6-4C3A-BA6F-CA5F47CC269F}.AppStore|ARM.ActiveCfg = Release|Any CPU
		{323561CC-EDD6-4C3A-BA6F-CA5F47CC269F}.AppStore|ARM.Build.0 = Release|Any CPU
		{323561CC-EDD6-4C3A-BA6F-CA5F47CC269F}.AppStore|iPhone.ActiveCfg = Release|Any CPU
		{323561CC-EDD6-4C3A-BA6F-CA5F47CC269F}.AppStore|iPhone.Build.0 = Release|Any CPU
		{323561CC-EDD6-4C3A-BA6F-CA5F47CC269F}.AppStore|iPhoneSimulator.ActiveCfg = Release|Any CPU
		{323561CC-EDD6-4C3A-BA6F-CA5F47CC269F}.AppStore|iPhoneSimulator.Build.0 = Release|Any CPU
		{323561CC-EDD6-4C3A-BA6F-CA5F47CC269F}.AppStore|x64.ActiveCfg = Release|Any CPU
		{323561CC-EDD6-4C3A-BA6F-CA5F47CC269F}.AppStore|x64.Build.0 = Release|Any CPU
		{323561CC-EDD6-4C3A-BA6F-CA5F47CC269F}.AppStore|x86.ActiveCfg = Release|Any CPU
		{323561CC-EDD6-4C3A-BA6F-CA5F47CC269F}.AppStore|x86.Build.0 = Release|Any CPU
		{323561CC-EDD6-4C3A-BA6F-CA5F47CC269F}.Debug|Any CPU.ActiveCfg = Debug|Any CPU
		{323561CC-EDD6-4C3A-BA6F-CA5F47CC269F}.Debug|Any CPU.Build.0 = Debug|Any CPU
		{323561CC-EDD6-4C3A-BA6F-CA5F47CC269F}.Debug|ARM.ActiveCfg = Debug|Any CPU
		{323561CC-EDD6-4C3A-BA6F-CA5F47CC269F}.Debug|ARM.Build.0 = Debug|Any CPU
		{323561CC-EDD6-4C3A-BA6F-CA5F47CC269F}.Debug|iPhone.ActiveCfg = Debug|Any CPU
		{323561CC-EDD6-4C3A-BA6F-CA5F47CC269F}.Debug|iPhone.Build.0 = Debug|Any CPU
		{323561CC-EDD6-4C3A-BA6F-CA5F47CC269F}.Debug|iPhoneSimulator.ActiveCfg = Debug|Any CPU
		{323561CC-EDD6-4C3A-BA6F-CA5F47CC269F}.Debug|iPhoneSimulator.Build.0 = Debug|Any CPU
		{323561CC-EDD6-4C3A-BA6F-CA5F47CC269F}.Debug|x64.ActiveCfg = Debug|Any CPU
		{323561CC-EDD6-4C3A-BA6F-CA5F47CC269F}.Debug|x64.Build.0 = Debug|Any CPU
		{323561CC-EDD6-4C3A-BA6F-CA5F47CC269F}.Debug|x86.ActiveCfg = Debug|Any CPU
		{323561CC-EDD6-4C3A-BA6F-CA5F47CC269F}.Debug|x86.Build.0 = Debug|Any CPU
		{323561CC-EDD6-4C3A-BA6F-CA5F47CC269F}.Release|Any CPU.ActiveCfg = Release|Any CPU
		{323561CC-EDD6-4C3A-BA6F-CA5F47CC269F}.Release|Any CPU.Build.0 = Release|Any CPU
		{323561CC-EDD6-4C3A-BA6F-CA5F47CC269F}.Release|ARM.ActiveCfg = Release|Any CPU
		{323561CC-EDD6-4C3A-BA6F-CA5F47CC269F}.Release|ARM.Build.0 = Release|Any CPU
		{323561CC-EDD6-4C3A-BA6F-CA5F47CC269F}.Release|iPhone.ActiveCfg = Release|Any CPU
		{323561CC-EDD6-4C3A-BA6F-CA5F47CC269F}.Release|iPhone.Build.0 = Release|Any CPU
		{323561CC-EDD6-4C3A-BA6F-CA5F47CC269F}.Release|iPhoneSimulator.ActiveCfg = Release|Any CPU
		{323561CC-EDD6-4C3A-BA6F-CA5F47CC269F}.Release|iPhoneSimulator.Build.0 = Release|Any CPU
		{323561CC-EDD6-4C3A-BA6F-CA5F47CC269F}.Release|x64.ActiveCfg = Release|Any CPU
		{323561CC-EDD6-4C3A-BA6F-CA5F47CC269F}.Release|x64.Build.0 = Release|Any CPU
		{323561CC-EDD6-4C3A-BA6F-CA5F47CC269F}.Release|x86.ActiveCfg = Release|Any CPU
		{323561CC-EDD6-4C3A-BA6F-CA5F47CC269F}.Release|x86.Build.0 = Release|Any CPU
	EndGlobalSection
	GlobalSection(SolutionProperties) = preSolution
		HideSolutionNode = FALSE
	EndGlobalSection
	GlobalSection(ExtensibilityGlobals) = postSolution
		SolutionGuid = {F3A31E6A-B9C9-4F0D-A1F1-3C9C94499282}
	EndGlobalSection
EndGlobal
